
Microsoft Visual Studio Solution File, Format Version 12.00
# Visual Studio Version 17
VisualStudioVersion = 17.14.36310.24 d17.14
MinimumVisualStudioVersion = 10.0.40219.1
Project("{888888A0-9F3D-457C-B088-3A5042F75D52}") = "PythonFastAPI", "PythonFastAPI\PythonFastAPI.pyproj", "{322BE0AF-D8D2-4A47-85B9-082007DACFAC}"
EndProject
Global
	GlobalSection(SolutionConfigurationPlatforms) = preSolution
		Debug|Any CPU = Debug|Any CPU
		Release|Any CPU = Release|Any CPU
	EndGlobalSection
	GlobalSection(ProjectConfigurationPlatforms) = postSolution
		{322BE0AF-D8D2-4A47-85B9-082007DACFAC}.Debug|Any CPU.ActiveCfg = Debug|Any CPU
		{322BE0AF-D8D2-4A47-85B9-082007DACFAC}.Release|Any CPU.ActiveCfg = Release|Any CPU
	EndGlobalSection
	GlobalSection(SolutionProperties) = preSolution
		HideSolutionNode = FALSE
	EndGlobalSection
	GlobalSection(ExtensibilityGlobals) = postSolution
		SolutionGuid = {0F29DE27-0621-4B02-8DD1-8C3118E5A462}
	EndGlobalSection
EndGlobal
